
Microsoft Visual Studio Solution File, Format Version 12.00
# Visual Studio Version 17
VisualStudioVersion = 17.1.32328.378
MinimumVisualStudioVersion = 10.0.40219.1
Project("{8BC9CEB8-8B4A-11D0-8D11-00A0C91BC942}") = "Linked_List", "Linked_List\Linked_List.vcxproj", "{403355A1-0982-44C4-A280-CEB88B3B877D}"
EndProject
Global
	GlobalSection(SolutionConfigurationPlatforms) = preSolution
		Debug|x64 = Debug|x64
		Debug|x86 = Debug|x86
		Release|x64 = Release|x64
		Release|x86 = Release|x86
	EndGlobalSection
	GlobalSection(ProjectConfigurationPlatforms) = postSolution
		{403355A1-0982-44C4-A280-CEB88B3B877D}.Debug|x64.ActiveCfg = Debug|x64
		{403355A1-0982-44C4-A280-CEB88B3B877D}.Debug|x64.Build.0 = Debug|x64
		{403355A1-0982-44C4-A280-CEB88B3B877D}.Debug|x86.ActiveCfg = Debug|Win32
		{403355A1-0982-44C4-A280-CEB88B3B877D}.Debug|x86.Build.0 = Debug|Win32
		{403355A1-0982-44C4-A280-CEB88B3B877D}.Release|x64.ActiveCfg = Release|x64
		{403355A1-0982-44C4-A280-CEB88B3B877D}.Release|x64.Build.0 = Release|x64
		{403355A1-0982-44C4-A280-CEB88B3B877D}.Release|x86.ActiveCfg = Release|Win32
		{403355A1-0982-44C4-A280-CEB88B3B877D}.Release|x86.Build.0 = Release|Win32
	EndGlobalSection
	GlobalSection(SolutionProperties) = preSolution
		HideSolutionNode = FALSE
	EndGlobalSection
	GlobalSection(ExtensibilityGlobals) = postSolution
		SolutionGuid = {222E00DB-67DC-4D7D-964C-D521E3DCFE8B}
	EndGlobalSection
EndGlobal
